PODS:
  - Alamofire (4.7.3)
  - AlamofireImage (3.4.1):
    - Alamofire (~> 4.7)

DEPENDENCIES:
  - AlamofireImage (~> 3.4)

SPEC REPOS:
  https://github.com/cocoapods/specs.git:
    - Alamofire
    - AlamofireImage

SPEC CHECKSUMS:
  Alamofire: c7287b6e5d7da964a70935e5db17046b7fde6568
  AlamofireImage: 78d67ccbb763d87ba44b21583d2153500a195630

PODFILE CHECKSUM: 4eab84c5ba014c9d079c44fd13fd778b5526b9e6

COCOAPODS: 1.5.3
